
Microsoft Visual Studio Solution File, Format Version 12.00
# Visual Studio Version 17
VisualStudioVersion = 17.13.35828.75 d17.13
MinimumVisualStudioVersion = 10.0.40219.1
Project("{FAE04EC0-301F-11D3-BF4B-00C04F79EFBC}") = "WebApi", "WebApi\WebApi.csproj", "{C445428D-176E-4919-9F7C-4DB31F9CCF8D}"
EndProject
Project("{FAE04EC0-301F-11D3-BF4B-00C04F79EFBC}") = "Infrastructure", "Infrastructure\Infrastructure.csproj", "{BAD5BEA4-5964-43AD-A96A-8847265BBEF4}"
EndProject
Project("{FAE04EC0-301F-11D3-BF4B-00C04F79EFBC}") = "Authentication", "Authentication\Authentication.csproj", "{EEEB33BF-B2F0-4692-8E17-F2A3C8A09504}"
EndProject
Global
	GlobalSection(SolutionConfigurationPlatforms) = preSolution
		Debug|Any CPU = Debug|Any CPU
		Release|Any CPU = Release|Any CPU
	EndGlobalSection
	GlobalSection(ProjectConfigurationPlatforms) = postSolution
		{C445428D-176E-4919-9F7C-4DB31F9CCF8D}.Debug|Any CPU.ActiveCfg = Debug|Any CPU
		{C445428D-176E-4919-9F7C-4DB31F9CCF8D}.Debug|Any CPU.Build.0 = Debug|Any CPU
		{C445428D-176E-4919-9F7C-4DB31F9CCF8D}.Release|Any CPU.ActiveCfg = Release|Any CPU
		{C445428D-176E-4919-9F7C-4DB31F9CCF8D}.Release|Any CPU.Build.0 = Release|Any CPU
		{BAD5BEA4-5964-43AD-A96A-8847265BBEF4}.Debug|Any CPU.ActiveCfg = Debug|Any CPU
		{BAD5BEA4-5964-43AD-A96A-8847265BBEF4}.Debug|Any CPU.Build.0 = Debug|Any CPU
		{BAD5BEA4-5964-43AD-A96A-8847265BBEF4}.Release|Any CPU.ActiveCfg = Release|Any CPU
		{BAD5BEA4-5964-43AD-A96A-8847265BBEF4}.Release|Any CPU.Build.0 = Release|Any CPU
		{EEEB33BF-B2F0-4692-8E17-F2A3C8A09504}.Debug|Any CPU.ActiveCfg = Debug|Any CPU
		{EEEB33BF-B2F0-4692-8E17-F2A3C8A09504}.Debug|Any CPU.Build.0 = Debug|Any CPU
		{EEEB33BF-B2F0-4692-8E17-F2A3C8A09504}.Release|Any CPU.ActiveCfg = Release|Any CPU
		{EEEB33BF-B2F0-4692-8E17-F2A3C8A09504}.Release|Any CPU.Build.0 = Release|Any CPU
	EndGlobalSection
	GlobalSection(SolutionProperties) = preSolution
		HideSolutionNode = FALSE
	EndGlobalSection
	GlobalSection(ExtensibilityGlobals) = postSolution
		SolutionGuid = {D84CBB2D-B3F0-4191-9135-DB2D5B3A0DC9}
	EndGlobalSection
EndGlobal
